
Microsoft Visual Studio Solution File, Format Version 12.00
# Visual Studio Version 17
VisualStudioVersion = 17.2.32630.192
MinimumVisualStudioVersion = 10.0.40219.1
Project("{FAE04EC0-301F-11D3-BF4B-00C04F79EFBC}") = "Producto1.Android", "Producto1\Producto1.Android\Producto1.Android.csproj", "{AA8417F6-1176-468E-A323-86726DA4F9C1}"
EndProject
Project("{FAE04EC0-301F-11D3-BF4B-00C04F79EFBC}") = "Producto1", "Producto1\Producto1\Producto1.csproj", "{C6252CB7-5247-4492-B429-6CED2CCE359F}"
EndProject
Global
	GlobalSection(SolutionConfigurationPlatforms) = preSolution
		Debug|Any CPU = Debug|Any CPU
		Release|Any CPU = Release|Any CPU
	EndGlobalSection
	GlobalSection(ProjectConfigurationPlatforms) = postSolution
		{AA8417F6-1176-468E-A323-86726DA4F9C1}.Debug|Any CPU.ActiveCfg = Debug|Any CPU
		{AA8417F6-1176-468E-A323-86726DA4F9C1}.Debug|Any CPU.Build.0 = Debug|Any CPU
		{AA8417F6-1176-468E-A323-86726DA4F9C1}.Debug|Any CPU.Deploy.0 = Debug|Any CPU
		{AA8417F6-1176-468E-A323-86726DA4F9C1}.Release|Any CPU.ActiveCfg = Release|Any CPU
		{AA8417F6-1176-468E-A323-86726DA4F9C1}.Release|Any CPU.Build.0 = Release|Any CPU
		{AA8417F6-1176-468E-A323-86726DA4F9C1}.Release|Any CPU.Deploy.0 = Release|Any CPU
		{C6252CB7-5247-4492-B429-6CED2CCE359F}.Debug|Any CPU.ActiveCfg = Debug|Any CPU
		{C6252CB7-5247-4492-B429-6CED2CCE359F}.Debug|Any CPU.Build.0 = Debug|Any CPU
		{C6252CB7-5247-4492-B429-6CED2CCE359F}.Debug|Any CPU.Deploy.0 = Debug|Any CPU
		{C6252CB7-5247-4492-B429-6CED2CCE359F}.Release|Any CPU.ActiveCfg = Release|Any CPU
		{C6252CB7-5247-4492-B429-6CED2CCE359F}.Release|Any CPU.Build.0 = Release|Any CPU
		{C6252CB7-5247-4492-B429-6CED2CCE359F}.Release|Any CPU.Deploy.0 = Release|Any CPU
	EndGlobalSection
	GlobalSection(SolutionProperties) = preSolution
		HideSolutionNode = FALSE
	EndGlobalSection
	GlobalSection(ExtensibilityGlobals) = postSolution
		SolutionGuid = {9B6E33C4-A1EC-4ABC-B852-63A5C95C8B84}
	EndGlobalSection
EndGlobal
